
Microsoft Visual Studio Solution File, Format Version 12.00
# Visual Studio Version 16
VisualStudioVersion = 16.6.30114.105
MinimumVisualStudioVersion = 10.0.40219.1
Project("{FAE04EC0-301F-11D3-BF4B-00C04F79EFBC}") = "EfcoreTest.Api", "EfcoreTest.Api\EfcoreTest.Api.csproj", "{E2D57858-F53E-44A3-8DFA-4230BD5A15F0}"
EndProject
Project("{FAE04EC0-301F-11D3-BF4B-00C04F79EFBC}") = "EfcoreTest.Data", "EfcoreTest.Data\EfcoreTest.Data.csproj", "{3D2EFB5A-B187-43CB-9757-5C5E31B2351C}"
EndProject
Global
	GlobalSection(SolutionConfigurationPlatforms) = preSolution
		Debug|Any CPU = Debug|Any CPU
		Debug|x64 = Debug|x64
		Debug|x86 = Debug|x86
		Release|Any CPU = Release|Any CPU
		Release|x64 = Release|x64
		Release|x86 = Release|x86
	EndGlobalSection
	GlobalSection(SolutionProperties) = preSolution
		HideSolutionNode = FALSE
	EndGlobalSection
	GlobalSection(ProjectConfigurationPlatforms) = postSolution
		{E2D57858-F53E-44A3-8DFA-4230BD5A15F0}.Debug|Any CPU.ActiveCfg = Debug|Any CPU
		{E2D57858-F53E-44A3-8DFA-4230BD5A15F0}.Debug|Any CPU.Build.0 = Debug|Any CPU
		{E2D57858-F53E-44A3-8DFA-4230BD5A15F0}.Debug|x64.ActiveCfg = Debug|Any CPU
		{E2D57858-F53E-44A3-8DFA-4230BD5A15F0}.Debug|x64.Build.0 = Debug|Any CPU
		{E2D57858-F53E-44A3-8DFA-4230BD5A15F0}.Debug|x86.ActiveCfg = Debug|Any CPU
		{E2D57858-F53E-44A3-8DFA-4230BD5A15F0}.Debug|x86.Build.0 = Debug|Any CPU
		{E2D57858-F53E-44A3-8DFA-4230BD5A15F0}.Release|Any CPU.ActiveCfg = Release|Any CPU
		{E2D57858-F53E-44A3-8DFA-4230BD5A15F0}.Release|Any CPU.Build.0 = Release|Any CPU
		{E2D57858-F53E-44A3-8DFA-4230BD5A15F0}.Release|x64.ActiveCfg = Release|Any CPU
		{E2D57858-F53E-44A3-8DFA-4230BD5A15F0}.Release|x64.Build.0 = Release|Any CPU
		{E2D57858-F53E-44A3-8DFA-4230BD5A15F0}.Release|x86.ActiveCfg = Release|Any CPU
		{E2D57858-F53E-44A3-8DFA-4230BD5A15F0}.Release|x86.Build.0 = Release|Any CPU
		{3D2EFB5A-B187-43CB-9757-5C5E31B2351C}.Debug|Any CPU.ActiveCfg = Debug|Any CPU
		{3D2EFB5A-B187-43CB-9757-5C5E31B2351C}.Debug|Any CPU.Build.0 = Debug|Any CPU
		{3D2EFB5A-B187-43CB-9757-5C5E31B2351C}.Debug|x64.ActiveCfg = Debug|Any CPU
		{3D2EFB5A-B187-43CB-9757-5C5E31B2351C}.Debug|x64.Build.0 = Debug|Any CPU
		{3D2EFB5A-B187-43CB-9757-5C5E31B2351C}.Debug|x86.ActiveCfg = Debug|Any CPU
		{3D2EFB5A-B187-43CB-9757-5C5E31B2351C}.Debug|x86.Build.0 = Debug|Any CPU
		{3D2EFB5A-B187-43CB-9757-5C5E31B2351C}.Release|Any CPU.ActiveCfg = Release|Any CPU
		{3D2EFB5A-B187-43CB-9757-5C5E31B2351C}.Release|Any CPU.Build.0 = Release|Any CPU
		{3D2EFB5A-B187-43CB-9757-5C5E31B2351C}.Release|x64.ActiveCfg = Release|Any CPU
		{3D2EFB5A-B187-43CB-9757-5C5E31B2351C}.Release|x64.Build.0 = Release|Any CPU
		{3D2EFB5A-B187-43CB-9757-5C5E31B2351C}.Release|x86.ActiveCfg = Release|Any CPU
		{3D2EFB5A-B187-43CB-9757-5C5E31B2351C}.Release|x86.Build.0 = Release|Any CPU
	EndGlobalSection
EndGlobal
