
Microsoft Visual Studio Solution File, Format Version 12.00
# Visual Studio 2012
# SharpDevelop 5.1
VisualStudioVersion = 12.0.20827.3
MinimumVisualStudioVersion = 10.0.40219.1
Project("{FAE04EC0-301F-11D3-BF4B-00C04F79EFBC}") = "JsonnetBinding", "JsonnetBinding\JsonnetBinding.csproj", "{5E8A8396-1D35-4495-BA65-B564E3D33282}"
EndProject
Project("{FAE04EC0-301F-11D3-BF4B-00C04F79EFBC}") = "JsonnetBinding.Tests", "JsonnetBinding.Tests\JsonnetBinding.Tests.csproj", "{14074DC0-330B-4845-B2C6-3D6F384984E2}"
EndProject
Global
	GlobalSection(SolutionConfigurationPlatforms) = preSolution
		Debug|Any CPU = Debug|Any CPU
		Release|Any CPU = Release|Any CPU
	EndGlobalSection
	GlobalSection(ProjectConfigurationPlatforms) = postSolution
		{5E8A8396-1D35-4495-BA65-B564E3D33282}.Debug|Any CPU.ActiveCfg = Debug|x64
		{5E8A8396-1D35-4495-BA65-B564E3D33282}.Debug|Any CPU.Build.0 = Debug|x64
		{5E8A8396-1D35-4495-BA65-B564E3D33282}.Release|Any CPU.ActiveCfg = Release|Any CPU
		{5E8A8396-1D35-4495-BA65-B564E3D33282}.Release|Any CPU.Build.0 = Release|Any CPU
		{14074DC0-330B-4845-B2C6-3D6F384984E2}.Debug|Any CPU.ActiveCfg = Debug|x64
		{14074DC0-330B-4845-B2C6-3D6F384984E2}.Debug|Any CPU.Build.0 = Debug|x64
		{14074DC0-330B-4845-B2C6-3D6F384984E2}.Release|Any CPU.ActiveCfg = Release|Any CPU
		{14074DC0-330B-4845-B2C6-3D6F384984E2}.Release|Any CPU.Build.0 = Release|Any CPU
	EndGlobalSection
EndGlobal
