
Microsoft Visual Studio Solution File, Format Version 12.00
# Visual Studio 15
VisualStudioVersion = 15.0.28307.421
MinimumVisualStudioVersion = 10.0.40219.1
Project("{FAE04EC0-301F-11D3-BF4B-00C04F79EFBC}") = "json.grafana.datasources", "json.grafana.datasources\json.grafana.datasources.csproj", "{0C6D6133-79CD-45A4-9A24-904240F6C971}"
EndProject
Global
	GlobalSection(SolutionConfigurationPlatforms) = preSolution
		Debug|Any CPU = Debug|Any CPU
		Release|Any CPU = Release|Any CPU
	EndGlobalSection
	GlobalSection(ProjectConfigurationPlatforms) = postSolution
		{0C6D6133-79CD-45A4-9A24-904240F6C971}.Debug|Any CPU.ActiveCfg = Debug|Any CPU
		{0C6D6133-79CD-45A4-9A24-904240F6C971}.Debug|Any CPU.Build.0 = Debug|Any CPU
		{0C6D6133-79CD-45A4-9A24-904240F6C971}.Release|Any CPU.ActiveCfg = Release|Any CPU
		{0C6D6133-79CD-45A4-9A24-904240F6C971}.Release|Any CPU.Build.0 = Release|Any CPU
	EndGlobalSection
	GlobalSection(SolutionProperties) = preSolution
		HideSolutionNode = FALSE
	EndGlobalSection
	GlobalSection(ExtensibilityGlobals) = postSolution
		SolutionGuid = {E9BDACFE-A1BD-4D84-B3AC-97968817C584}
	EndGlobalSection
EndGlobal
